
Microsoft Visual Studio Solution File, Format Version 12.00
# Visual Studio 2013
VisualStudioVersion = 12.0.31101.0
MinimumVisualStudioVersion = 10.0.40219.1
Project("{FAE04EC0-301F-11D3-BF4B-00C04F79EFBC}") = "ATStreaming", "ATStreaming\ATStreaming.csproj", "{1208F0CA-3D44-4671-8313-134095BE7685}"
EndProject
Project("{2150E333-8FDC-42A3-9474-1A3956D46DE8}") = "test", "test", "{4EC2B65E-CF50-437D-91AE-6678F7289CAF}"
EndProject
Project("{FAE04EC0-301F-11D3-BF4B-00C04F79EFBC}") = "ATStreaming.Test", "test\ATStreaming.Test\ATStreaming.Test.csproj", "{A98E0847-5949-4E1C-B279-63287174DA2B}"
EndProject
Global
	GlobalSection(SolutionConfigurationPlatforms) = preSolution
		Debug|Any CPU = Debug|Any CPU
		Release|Any CPU = Release|Any CPU
	EndGlobalSection
	GlobalSection(ProjectConfigurationPlatforms) = postSolution
		{1208F0CA-3D44-4671-8313-134095BE7685}.Debug|Any CPU.ActiveCfg = Debug|Any CPU
		{1208F0CA-3D44-4671-8313-134095BE7685}.Debug|Any CPU.Build.0 = Debug|Any CPU
		{1208F0CA-3D44-4671-8313-134095BE7685}.Release|Any CPU.ActiveCfg = Release|Any CPU
		{1208F0CA-3D44-4671-8313-134095BE7685}.Release|Any CPU.Build.0 = Release|Any CPU
		{A98E0847-5949-4E1C-B279-63287174DA2B}.Debug|Any CPU.ActiveCfg = Debug|Any CPU
		{A98E0847-5949-4E1C-B279-63287174DA2B}.Debug|Any CPU.Build.0 = Debug|Any CPU
		{A98E0847-5949-4E1C-B279-63287174DA2B}.Release|Any CPU.ActiveCfg = Release|Any CPU
		{A98E0847-5949-4E1C-B279-63287174DA2B}.Release|Any CPU.Build.0 = Release|Any CPU
	EndGlobalSection
	GlobalSection(SolutionProperties) = preSolution
		HideSolutionNode = FALSE
	EndGlobalSection
	GlobalSection(NestedProjects) = preSolution
		{A98E0847-5949-4E1C-B279-63287174DA2B} = {4EC2B65E-CF50-437D-91AE-6678F7289CAF}
	EndGlobalSection
EndGlobal
